
Microsoft Visual Studio Solution File, Format Version 12.00
# Visual Studio Version 17
VisualStudioVersion = 17.3.32804.467
MinimumVisualStudioVersion = 10.0.40219.1
Project("{FAE04EC0-301F-11D3-BF4B-00C04F79EFBC}") = "Strings", "Strings\Strings.csproj", "{AE2798F3-EBDB-4C89-A203-8E9C821311E7}"
EndProject
Global
	GlobalSection(SolutionConfigurationPlatforms) = preSolution
		Debug|Any CPU = Debug|Any CPU
		Release|Any CPU = Release|Any CPU
	EndGlobalSection
	GlobalSection(ProjectConfigurationPlatforms) = postSolution
		{AE2798F3-EBDB-4C89-A203-8E9C821311E7}.Debug|Any CPU.ActiveCfg = Debug|Any CPU
		{AE2798F3-EBDB-4C89-A203-8E9C821311E7}.Debug|Any CPU.Build.0 = Debug|Any CPU
		{AE2798F3-EBDB-4C89-A203-8E9C821311E7}.Release|Any CPU.ActiveCfg = Release|Any CPU
		{AE2798F3-EBDB-4C89-A203-8E9C821311E7}.Release|Any CPU.Build.0 = Release|Any CPU
	EndGlobalSection
	GlobalSection(SolutionProperties) = preSolution
		HideSolutionNode = FALSE
	EndGlobalSection
	GlobalSection(ExtensibilityGlobals) = postSolution
		SolutionGuid = {66C7485C-7187-4DD5-860F-FB64ACC3F1FD}
	EndGlobalSection
EndGlobal
